<?xml version="1.0" encoding="UTF-8" standalone="yes" ?>
<CodeBlocks_project_file>
	<FileVersion major="1" minor="6" />
	<Project>
		<Option title="projetotp1" />
		<Option pch_mode="2" />
		<Option compiler="gcc" />
		<Build>
			<Target title="Debug">
				<Option output="bin/Debug/projetotp1" prefix_auto="1" extension_auto="1" />
				<Option object_output="obj/Debug/" />
				<Option type="1" />
				<Option compiler="gcc" />
				<Compiler>
					<Add option="-g" />
				</Compiler>
			</Target>
			<Target title="Release">
				<Option output="bin/Release/projetotp1" prefix_auto="1" extension_auto="1" />
				<Option object_output="obj/Release/" />
				<Option type="1" />
				<Option compiler="gcc" />
				<Compiler>
					<Add option="-O2" />
				</Compiler>
				<Linker>
					<Add option="-s" />
				</Linker>
			</Target>
		</Build>
		<Compiler>
			<Add option="-Wall" />
			<Add option="-fexceptions" />
		</Compiler>
		<Unit filename="../headers/Dominios/dominios.hpp" />
		<Unit filename="../headers/Entidades/historiaDeUsuario.hpp" />
		<Unit filename="../headers/Entidades/pessoa.hpp" />
		<Unit filename="../headers/Entidades/planoDeSprint.hpp" />
		<Unit filename="../headers/Entidades/projeto.hpp" />
		<Unit filename="../headers/Interfaces/interfaces.hpp" />
		<Unit filename="../source/Dominios/codigo.cpp" />
		<Unit filename="../source/Dominios/data.cpp" />
		<Unit filename="../source/Dominios/email.cpp" />
		<Unit filename="../source/Dominios/nome.cpp" />
		<Unit filename="../source/Dominios/papel.cpp" />
		<Unit filename="../source/Dominios/prioridade.cpp" />
		<Unit filename="../source/Dominios/senha.cpp" />
		<Unit filename="../source/Dominios/tempo.cpp" />
		<Unit filename="../source/Dominios/texto.cpp" />
		<Unit filename="../source/Entidades/historiaDeUsuario.cpp" />
		<Unit filename="../source/main.cpp" />
		<Extensions />
	</Project>
</CodeBlocks_project_file>
